
Microsoft Visual Studio Solution File, Format Version 12.00
# Visual Studio 14
VisualStudioVersion = 14.0.24720.0
MinimumVisualStudioVersion = 10.0.40219.1
Project("{2150E333-8FDC-42A3-9474-1A3956D46DE8}") = "src", "src", "{59964F06-2A22-43E4-89BA-F8949F94EACC}"
EndProject
Project("{2150E333-8FDC-42A3-9474-1A3956D46DE8}") = "Solution Items", "Solution Items", "{EDC7923C-7E36-4B3C-BD7A-763A10AF66E2}"
	ProjectSection(SolutionItems) = preProject
		global.json = global.json
	EndProjectSection
EndProject
Project("{8BB2217D-0F2D-49D1-97BC-3654ED321F3B}") = "Employees", "src\Employees\Employees.xproj", "{DAD32500-0E45-48C6-ADD2-D9E611D9ED06}"
EndProject
Global
	GlobalSection(SolutionConfigurationPlatforms) = preSolution
		Debug|Any CPU = Debug|Any CPU
		Release|Any CPU = Release|Any CPU
	EndGlobalSection
	GlobalSection(ProjectConfigurationPlatforms) = postSolution
		{DAD32500-0E45-48C6-ADD2-D9E611D9ED06}.Debug|Any CPU.ActiveCfg = Debug|Any CPU
		{DAD32500-0E45-48C6-ADD2-D9E611D9ED06}.Debug|Any CPU.Build.0 = Debug|Any CPU
		{DAD32500-0E45-48C6-ADD2-D9E611D9ED06}.Release|Any CPU.ActiveCfg = Release|Any CPU
		{DAD32500-0E45-48C6-ADD2-D9E611D9ED06}.Release|Any CPU.Build.0 = Release|Any CPU
	EndGlobalSection
	GlobalSection(SolutionProperties) = preSolution
		HideSolutionNode = FALSE
	EndGlobalSection
	GlobalSection(NestedProjects) = preSolution
		{DAD32500-0E45-48C6-ADD2-D9E611D9ED06} = {59964F06-2A22-43E4-89BA-F8949F94EACC}
	EndGlobalSection
EndGlobal
